lockVersion: 2.0.0
id: 241ffe49-5500-486c-ad2c-b06af14b69f3
management:
  docChecksum: 6c15b6978da01d8767c381eb7fb088bd
  docVersion: 1.0.0
  speakeasyVersion: internal
  generationVersion: 2.225.2
  releaseVersion: 2.4.1
  configChecksum: c71ab1935b82a6049925e5bcfedaf597
  repoURL: https://github.com/speakeasy-sdks/terraform-provider-hightouch.git
  repoSubDirectory: .
  published: true
features:
  terraform:
    constsAndDefaults: 0.1.2
    core: 3.7.0
    globalSecurity: 2.81.2
    globalServerURLs: 2.82.1
    unions: 2.81.7
generatedFiles:
  - internal/sdk/sdk.go
  - examples/README.md
  - go.mod
  - go.sum
  - internal/planmodifiers/boolplanmodifier/suppress_diff.go
  - internal/planmodifiers/float64planmodifier/suppress_diff.go
  - internal/planmodifiers/int64planmodifier/suppress_diff.go
  - internal/planmodifiers/listplanmodifier/suppress_diff.go
  - internal/planmodifiers/mapplanmodifier/suppress_diff.go
  - internal/planmodifiers/numberplanmodifier/suppress_diff.go
  - internal/planmodifiers/objectplanmodifier/suppress_diff.go
  - internal/planmodifiers/setplanmodifier/suppress_diff.go
  - internal/planmodifiers/stringplanmodifier/suppress_diff.go
  - internal/planmodifiers/utils/state_check.go
  - internal/provider/reflect/diags.go
  - internal/provider/reflect/doc.go
  - internal/provider/reflect/generic_attr_value.go
  - internal/provider/reflect/helpers.go
  - internal/provider/reflect/interfaces.go
  - internal/provider/reflect/into.go
  - internal/provider/reflect/map.go
  - internal/provider/reflect/number.go
  - internal/provider/reflect/options.go
  - internal/provider/reflect/outof.go
  - internal/provider/reflect/pointer.go
  - internal/provider/reflect/primitive.go
  - internal/provider/reflect/slice.go
  - internal/provider/reflect/struct.go
  - internal/provider/utils.go
  - internal/sdk/pkg/models/sdkerrors/sdkerror.go
  - internal/sdk/pkg/types/bigint.go
  - internal/sdk/pkg/types/date.go
  - internal/sdk/pkg/types/datetime.go
  - internal/sdk/pkg/types/decimal.go
  - internal/sdk/pkg/types/pointers.go
  - internal/sdk/pkg/utils/contenttype.go
  - internal/sdk/pkg/utils/form.go
  - internal/sdk/pkg/utils/headers.go
  - internal/sdk/pkg/utils/json.go
  - internal/sdk/pkg/utils/pathparams.go
  - internal/sdk/pkg/utils/queryparams.go
  - internal/sdk/pkg/utils/requestbody.go
  - internal/sdk/pkg/utils/retries.go
  - internal/sdk/pkg/utils/security.go
  - internal/sdk/pkg/utils/utils.go
  - internal/validators/DateValidator.go
  - internal/validators/ExactlyOneChild.go
  - internal/validators/JSONParseValidator.go
  - internal/validators/RFC3339Validator.go
  - main.go
  - terraform-registry-manifest.json
  - tools/tools.go
  - internal/sdk/pkg/models/operations/createdestination.go
  - internal/sdk/pkg/models/operations/createmodel.go
  - internal/sdk/pkg/models/operations/createsource.go
  - internal/sdk/pkg/models/operations/createsync.go
  - internal/sdk/pkg/models/operations/getdestination.go
  - internal/sdk/pkg/models/operations/getmodel.go
  - internal/sdk/pkg/models/operations/getsource.go
  - internal/sdk/pkg/models/operations/getsync.go
  - internal/sdk/pkg/models/operations/listdestination.go
  - internal/sdk/pkg/models/operations/listmodel.go
  - internal/sdk/pkg/models/operations/listsource.go
  - internal/sdk/pkg/models/operations/listsync.go
  - internal/sdk/pkg/models/operations/listsyncruns.go
  - internal/sdk/pkg/models/operations/triggerrun.go
  - internal/sdk/pkg/models/operations/triggerruncustom.go
  - internal/sdk/pkg/models/operations/triggerrunidgraph.go
  - internal/sdk/pkg/models/operations/updatedestination.go
  - internal/sdk/pkg/models/operations/updatemodel.go
  - internal/sdk/pkg/models/operations/updatesource.go
  - internal/sdk/pkg/models/operations/updatesync.go
  - internal/sdk/pkg/models/shared/destination.go
  - internal/sdk/pkg/models/shared/validateerrorjson.go
  - internal/sdk/pkg/models/shared/internalservererror.go
  - internal/sdk/pkg/models/shared/destinationcreate.go
  - internal/sdk/pkg/models/shared/model.go
  - internal/sdk/pkg/models/shared/modelcreate.go
  - internal/sdk/pkg/models/shared/source.go
  - internal/sdk/pkg/models/shared/sourcecreate.go
  - internal/sdk/pkg/models/shared/sync.go
  - internal/sdk/pkg/models/shared/syncstatus.go
  - internal/sdk/pkg/models/shared/intervalschedule.go
  - internal/sdk/pkg/models/shared/interval.go
  - internal/sdk/pkg/models/shared/intervalunit.go
  - internal/sdk/pkg/models/shared/cronschedule.go
  - internal/sdk/pkg/models/shared/visualcronschedule.go
  - internal/sdk/pkg/models/shared/recorddaybooleanorundefined.go
  - internal/sdk/pkg/models/shared/dbtschedule.go
  - internal/sdk/pkg/models/shared/synccreate.go
  - internal/sdk/pkg/models/shared/syncrun.go
  - internal/sdk/pkg/models/shared/syncrunstatus.go
  - internal/sdk/pkg/models/shared/triggerrunoutput.go
  - internal/sdk/pkg/models/shared/triggerruninput.go
  - internal/sdk/pkg/models/shared/triggerruncustominput.go
  - internal/sdk/pkg/models/shared/triggerrunidgraphoutput.go
  - internal/sdk/pkg/models/shared/triggerrunidgraphinput.go
  - internal/sdk/pkg/models/shared/destinationupdate.go
  - internal/sdk/pkg/models/shared/modelupdate.go
  - internal/sdk/pkg/models/shared/sourceupdate.go
  - internal/sdk/pkg/models/shared/syncupdate.go
  - internal/sdk/pkg/models/shared/security.go
  - USAGE.md
  - internal/provider/provider.go
  - examples/provider/provider.tf
  - .gitattributes
